
Microsoft Visual Studio Solution File, Format Version 12.00
# Visual Studio Version 17
VisualStudioVersion = 17.9.34622.214
MinimumVisualStudioVersion = 10.0.40219.1
Project("{2150E333-8FDC-42A3-9474-1A3956D46DE8}") = "Services", "Services", "{5B04173A-09C7-48EA-9D4C-50E1EF9D3A1B}"
EndProject
Project("{2150E333-8FDC-42A3-9474-1A3956D46DE8}") = "Catalog", "Catalog", "{AA3D60E0-F5B3-4847-9CE1-8C1B9C9A0709}"
EndProject
Project("{9A19103F-16F7-4668-BE54-9A1E7A4F7556}") = "Catalog.API", "Services\Catalog\Catalog.API\Catalog.API.csproj", "{8AE47B4D-B6EA-41BD-BB76-8E64CA1A1380}"
EndProject
Project("{2150E333-8FDC-42A3-9474-1A3956D46DE8}") = "BuildingBlocks", "BuildingBlocks", "{F90901A2-1309-4642-9B61-CA2DB94E2422}"
EndProject
Project("{9A19103F-16F7-4668-BE54-9A1E7A4F7556}") = "BuildingBlocks", "BuildingBlocks\BuildingBlocks\BuildingBlocks.csproj", "{001D4E5F-81C7-4EA6-940B-C002D90D7BBC}"
EndProject
Project("{E53339B2-1760-4266-BCC7-CA923CBCF16C}") = "docker-compose", "docker-compose.dcproj", "{F9A5313F-A2F0-46B9-AAC5-60483946F78F}"
EndProject
Project("{2150E333-8FDC-42A3-9474-1A3956D46DE8}") = "Basket", "Basket", "{CD629C1E-D2E4-42C2-9416-F3C0AC43C4B6}"
EndProject
Project("{9A19103F-16F7-4668-BE54-9A1E7A4F7556}") = "Basket.API", "Services\Basket\Basket.API\Basket.API.csproj", "{CFDA74DB-6572-4FF3-B549-DAB363BEE9ED}"
EndProject
Project("{2150E333-8FDC-42A3-9474-1A3956D46DE8}") = "Discount", "Discount", "{95569E0D-0BDC-4A28-97F9-CA010AD0183F}"
EndProject
Project("{9A19103F-16F7-4668-BE54-9A1E7A4F7556}") = "Discount.Grpc", "Services\Discount\Discount.Grpc\Discount.Grpc.csproj", "{EF1C6846-247D-4EE1-9A53-EB6A7389340A}"
EndProject
Project("{2150E333-8FDC-42A3-9474-1A3956D46DE8}") = "Ordering", "Ordering", "{2CE1240C-6F2E-416E-9D7A-E5E404CC654E}"
EndProject
Project("{9A19103F-16F7-4668-BE54-9A1E7A4F7556}") = "Ordering.API", "Services\Ordering\Ordering.API\Ordering.API.csproj", "{451693C5-133F-4FA4-9DEC-7FC83810AB91}"
EndProject
Project("{9A19103F-16F7-4668-BE54-9A1E7A4F7556}") = "Ordering.Domain", "Services\Ordering\Ordering.Domain\Ordering.Domain.csproj", "{8532D8AE-BA3C-4A5C-852F-5358F11BABEE}"
EndProject
Project("{9A19103F-16F7-4668-BE54-9A1E7A4F7556}") = "Ordering.Application", "Services\Ordering\Ordering.Application\Ordering.Application.csproj", "{068F2799-2DE4-42A1-965C-B130893E2136}"
EndProject
Project("{9A19103F-16F7-4668-BE54-9A1E7A4F7556}") = "Ordering.Infrastructure", "Services\Ordering\Ordering.Infrastructure\Ordering.Infrastructure.csproj", "{D77E7F48-7406-4108-A4E2-719929D74BF8}"
EndProject
Project("{FAE04EC0-301F-11D3-BF4B-00C04F79EFBC}") = "BuildingBlocks.Messaging", "BuildingBlocks\BuildingBlocks.Messaging\BuildingBlocks.Messaging.csproj", "{BB12CE2B-3FE7-455A-97FB-C1E62E1794E0}"
EndProject
Global
	GlobalSection(SolutionConfigurationPlatforms) = preSolution
		Debug|Any CPU = Debug|Any CPU
		Release|Any CPU = Release|Any CPU
	EndGlobalSection
	GlobalSection(ProjectConfigurationPlatforms) = postSolution
		{8AE47B4D-B6EA-41BD-BB76-8E64CA1A1380}.Debug|Any CPU.ActiveCfg = Debug|Any CPU
		{8AE47B4D-B6EA-41BD-BB76-8E64CA1A1380}.Debug|Any CPU.Build.0 = Debug|Any CPU
		{8AE47B4D-B6EA-41BD-BB76-8E64CA1A1380}.Release|Any CPU.ActiveCfg = Release|Any CPU
		{8AE47B4D-B6EA-41BD-BB76-8E64CA1A1380}.Release|Any CPU.Build.0 = Release|Any CPU
		{001D4E5F-81C7-4EA6-940B-C002D90D7BBC}.Debug|Any CPU.ActiveCfg = Debug|Any CPU
		{001D4E5F-81C7-4EA6-940B-C002D90D7BBC}.Debug|Any CPU.Build.0 = Debug|Any CPU
		{001D4E5F-81C7-4EA6-940B-C002D90D7BBC}.Release|Any CPU.ActiveCfg = Release|Any CPU
		{001D4E5F-81C7-4EA6-940B-C002D90D7BBC}.Release|Any CPU.Build.0 = Release|Any CPU
		{F9A5313F-A2F0-46B9-AAC5-60483946F78F}.Debug|Any CPU.ActiveCfg = Debug|Any CPU
		{F9A5313F-A2F0-46B9-AAC5-60483946F78F}.Debug|Any CPU.Build.0 = Debug|Any CPU
		{F9A5313F-A2F0-46B9-AAC5-60483946F78F}.Release|Any CPU.ActiveCfg = Release|Any CPU
		{F9A5313F-A2F0-46B9-AAC5-60483946F78F}.Release|Any CPU.Build.0 = Release|Any CPU
		{CFDA74DB-6572-4FF3-B549-DAB363BEE9ED}.Debug|Any CPU.ActiveCfg = Debug|Any CPU
		{CFDA74DB-6572-4FF3-B549-DAB363BEE9ED}.Debug|Any CPU.Build.0 = Debug|Any CPU
		{CFDA74DB-6572-4FF3-B549-DAB363BEE9ED}.Release|Any CPU.ActiveCfg = Release|Any CPU
		{CFDA74DB-6572-4FF3-B549-DAB363BEE9ED}.Release|Any CPU.Build.0 = Release|Any CPU
		{EF1C6846-247D-4EE1-9A53-EB6A7389340A}.Debug|Any CPU.ActiveCfg = Debug|Any CPU
		{EF1C6846-247D-4EE1-9A53-EB6A7389340A}.Debug|Any CPU.Build.0 = Debug|Any CPU
		{EF1C6846-247D-4EE1-9A53-EB6A7389340A}.Release|Any CPU.ActiveCfg = Release|Any CPU
		{EF1C6846-247D-4EE1-9A53-EB6A7389340A}.Release|Any CPU.Build.0 = Release|Any CPU
		{451693C5-133F-4FA4-9DEC-7FC83810AB91}.Debug|Any CPU.ActiveCfg = Debug|Any CPU
		{451693C5-133F-4FA4-9DEC-7FC83810AB91}.Debug|Any CPU.Build.0 = Debug|Any CPU
		{451693C5-133F-4FA4-9DEC-7FC83810AB91}.Release|Any CPU.ActiveCfg = Release|Any CPU
		{451693C5-133F-4FA4-9DEC-7FC83810AB91}.Release|Any CPU.Build.0 = Release|Any CPU
		{8532D8AE-BA3C-4A5C-852F-5358F11BABEE}.Debug|Any CPU.ActiveCfg = Debug|Any CPU
		{8532D8AE-BA3C-4A5C-852F-5358F11BABEE}.Debug|Any CPU.Build.0 = Debug|Any CPU
		{8532D8AE-BA3C-4A5C-852F-5358F11BABEE}.Release|Any CPU.ActiveCfg = Release|Any CPU
		{8532D8AE-BA3C-4A5C-852F-5358F11BABEE}.Release|Any CPU.Build.0 = Release|Any CPU
		{068F2799-2DE4-42A1-965C-B130893E2136}.Debug|Any CPU.ActiveCfg = Debug|Any CPU
		{068F2799-2DE4-42A1-965C-B130893E2136}.Debug|Any CPU.Build.0 = Debug|Any CPU
		{068F2799-2DE4-42A1-965C-B130893E2136}.Release|Any CPU.ActiveCfg = Release|Any CPU
		{068F2799-2DE4-42A1-965C-B130893E2136}.Release|Any CPU.Build.0 = Release|Any CPU
		{D77E7F48-7406-4108-A4E2-719929D74BF8}.Debug|Any CPU.ActiveCfg = Debug|Any CPU
		{D77E7F48-7406-4108-A4E2-719929D74BF8}.Debug|Any CPU.Build.0 = Debug|Any CPU
		{D77E7F48-7406-4108-A4E2-719929D74BF8}.Release|Any CPU.ActiveCfg = Release|Any CPU
		{D77E7F48-7406-4108-A4E2-719929D74BF8}.Release|Any CPU.Build.0 = Release|Any CPU
		{BB12CE2B-3FE7-455A-97FB-C1E62E1794E0}.Debug|Any CPU.ActiveCfg = Debug|Any CPU
		{BB12CE2B-3FE7-455A-97FB-C1E62E1794E0}.Debug|Any CPU.Build.0 = Debug|Any CPU
		{BB12CE2B-3FE7-455A-97FB-C1E62E1794E0}.Release|Any CPU.ActiveCfg = Release|Any CPU
		{BB12CE2B-3FE7-455A-97FB-C1E62E1794E0}.Release|Any CPU.Build.0 = Release|Any CPU
	EndGlobalSection
	GlobalSection(SolutionProperties) = preSolution
		HideSolutionNode = FALSE
	EndGlobalSection
	GlobalSection(NestedProjects) = preSolution
		{AA3D60E0-F5B3-4847-9CE1-8C1B9C9A0709} = {5B04173A-09C7-48EA-9D4C-50E1EF9D3A1B}
		{8AE47B4D-B6EA-41BD-BB76-8E64CA1A1380} = {AA3D60E0-F5B3-4847-9CE1-8C1B9C9A0709}
		{001D4E5F-81C7-4EA6-940B-C002D90D7BBC} = {F90901A2-1309-4642-9B61-CA2DB94E2422}
		{CD629C1E-D2E4-42C2-9416-F3C0AC43C4B6} = {5B04173A-09C7-48EA-9D4C-50E1EF9D3A1B}
		{CFDA74DB-6572-4FF3-B549-DAB363BEE9ED} = {CD629C1E-D2E4-42C2-9416-F3C0AC43C4B6}
		{95569E0D-0BDC-4A28-97F9-CA010AD0183F} = {5B04173A-09C7-48EA-9D4C-50E1EF9D3A1B}
		{EF1C6846-247D-4EE1-9A53-EB6A7389340A} = {95569E0D-0BDC-4A28-97F9-CA010AD0183F}
		{2CE1240C-6F2E-416E-9D7A-E5E404CC654E} = {5B04173A-09C7-48EA-9D4C-50E1EF9D3A1B}
		{451693C5-133F-4FA4-9DEC-7FC83810AB91} = {2CE1240C-6F2E-416E-9D7A-E5E404CC654E}
		{8532D8AE-BA3C-4A5C-852F-5358F11BABEE} = {2CE1240C-6F2E-416E-9D7A-E5E404CC654E}
		{068F2799-2DE4-42A1-965C-B130893E2136} = {2CE1240C-6F2E-416E-9D7A-E5E404CC654E}
		{D77E7F48-7406-4108-A4E2-719929D74BF8} = {2CE1240C-6F2E-416E-9D7A-E5E404CC654E}
		{BB12CE2B-3FE7-455A-97FB-C1E62E1794E0} = {F90901A2-1309-4642-9B61-CA2DB94E2422}
	EndGlobalSection
	GlobalSection(ExtensibilityGlobals) = postSolution
		SolutionGuid = {06A62FDF-9CFE-4219-AFFD-90F9AA1E2F96}
	EndGlobalSection
EndGlobal
